
Microsoft Visual Studio Solution File, Format Version 12.00
# Visual Studio Version 16
VisualStudioVersion = 16.0.29728.190
MinimumVisualStudioVersion = 10.0.40219.1
Project("{FAE04EC0-301F-11D3-BF4B-00C04F79EFBC}") = "Grammars", "Grammars\Grammars.csproj", "{D98AFA0A-16C3-482D-80A2-20A88FB6F7AE}"
EndProject
Global
	GlobalSection(SolutionConfigurationPlatforms) = preSolution
		Debug|Any CPU = Debug|Any CPU
		Release|Any CPU = Release|Any CPU
	EndGlobalSection
	GlobalSection(ProjectConfigurationPlatforms) = postSolution
		{D98AFA0A-16C3-482D-80A2-20A88FB6F7AE}.Debug|Any CPU.ActiveCfg = Debug|Any CPU
		{D98AFA0A-16C3-482D-80A2-20A88FB6F7AE}.Debug|Any CPU.Build.0 = Debug|Any CPU
		{D98AFA0A-16C3-482D-80A2-20A88FB6F7AE}.Release|Any CPU.ActiveCfg = Release|Any CPU
		{D98AFA0A-16C3-482D-80A2-20A88FB6F7AE}.Release|Any CPU.Build.0 = Release|Any CPU
	EndGlobalSection
	GlobalSection(SolutionProperties) = preSolution
		HideSolutionNode = FALSE
	EndGlobalSection
	GlobalSection(ExtensibilityGlobals) = postSolution
		SolutionGuid = {D73B4202-1998-4C8C-8FA0-FBD19628EC18}
	EndGlobalSection
EndGlobal
